
Microsoft Visual Studio Solution File, Format Version 12.00
# Visual Studio Version 17
VisualStudioVersion = 17.2.32630.192
MinimumVisualStudioVersion = 10.0.40219.1
Project("{FAE04EC0-301F-11D3-BF4B-00C04F79EFBC}") = "IWantApp", "IWantApp.csproj", "{8C3F4D76-5FE5-45A0-BE5B-B3726938B09B}"
EndProject
Global
	GlobalSection(SolutionConfigurationPlatforms) = preSolution
		Debug|Any CPU = Debug|Any CPU
		Release|Any CPU = Release|Any CPU
	EndGlobalSection
	GlobalSection(ProjectConfigurationPlatforms) = postSolution
		{8C3F4D76-5FE5-45A0-BE5B-B3726938B09B}.Debug|Any CPU.ActiveCfg = Debug|Any CPU
		{8C3F4D76-5FE5-45A0-BE5B-B3726938B09B}.Debug|Any CPU.Build.0 = Debug|Any CPU
		{8C3F4D76-5FE5-45A0-BE5B-B3726938B09B}.Release|Any CPU.ActiveCfg = Release|Any CPU
		{8C3F4D76-5FE5-45A0-BE5B-B3726938B09B}.Release|Any CPU.Build.0 = Release|Any CPU
	EndGlobalSection
	GlobalSection(SolutionProperties) = preSolution
		HideSolutionNode = FALSE
	EndGlobalSection
	GlobalSection(ExtensibilityGlobals) = postSolution
		SolutionGuid = {2D41858E-F6CC-40B1-B03D-C87C7E988120}
	EndGlobalSection
EndGlobal
