
Microsoft Visual Studio Solution File, Format Version 12.00
# Visual Studio Version 17
VisualStudioVersion = 17.2.32630.192
MinimumVisualStudioVersion = 10.0.40219.1
Project("{FAE04EC0-301F-11D3-BF4B-00C04F79EFBC}") = "BasicApp", "BasicApp.csproj", "{C0C24B46-76FA-4596-8860-E30594F243B9}"
EndProject
Global
	GlobalSection(SolutionConfigurationPlatforms) = preSolution
		Debug|Any CPU = Debug|Any CPU
		Release|Any CPU = Release|Any CPU
	EndGlobalSection
	GlobalSection(ProjectConfigurationPlatforms) = postSolution
		{C0C24B46-76FA-4596-8860-E30594F243B9}.Debug|Any CPU.ActiveCfg = Debug|Any CPU
		{C0C24B46-76FA-4596-8860-E30594F243B9}.Debug|Any CPU.Build.0 = Debug|Any CPU
		{C0C24B46-76FA-4596-8860-E30594F243B9}.Release|Any CPU.ActiveCfg = Release|Any CPU
		{C0C24B46-76FA-4596-8860-E30594F243B9}.Release|Any CPU.Build.0 = Release|Any CPU
	EndGlobalSection
	GlobalSection(SolutionProperties) = preSolution
		HideSolutionNode = FALSE
	EndGlobalSection
	GlobalSection(ExtensibilityGlobals) = postSolution
		SolutionGuid = {76822921-F655-485C-9F0A-02D3F3D705B0}
	EndGlobalSection
EndGlobal
